
Microsoft Visual Studio Solution File, Format Version 12.00
# Visual Studio 15
VisualStudioVersion = 15.0.27130.2010
MinimumVisualStudioVersion = 10.0.40219.1
Project("{151D2E53-A2C4-4D7D-83FE-D05416EBD58E}") = "Arm-high-availability", "Arm-high-availability.deployproj", "{7BA72F34-F219-4DEE-BDDD-7E1973754613}"
EndProject
Global
	GlobalSection(SolutionConfigurationPlatforms) = preSolution
		Debug|Any CPU = Debug|Any CPU
		Release|Any CPU = Release|Any CPU
	EndGlobalSection
	GlobalSection(ProjectConfigurationPlatforms) = postSolution
		{7BA72F34-F219-4DEE-BDDD-7E1973754613}.Debug|Any CPU.ActiveCfg = Debug|Any CPU
		{7BA72F34-F219-4DEE-BDDD-7E1973754613}.Debug|Any CPU.Build.0 = Debug|Any CPU
		{7BA72F34-F219-4DEE-BDDD-7E1973754613}.Release|Any CPU.ActiveCfg = Release|Any CPU
		{7BA72F34-F219-4DEE-BDDD-7E1973754613}.Release|Any CPU.Build.0 = Release|Any CPU
	EndGlobalSection
	GlobalSection(SolutionProperties) = preSolution
		HideSolutionNode = FALSE
	EndGlobalSection
	GlobalSection(ExtensibilityGlobals) = postSolution
		SolutionGuid = {DC1BDDC3-7A83-488D-B6D5-4ECB889750A8}
	EndGlobalSection
EndGlobal
